{
	"name": "combeau",
	"version": "0.0.1",
	"lockfileVersion": 1,
	"requires": true,
	"dependencies": {
		"csv-stringify": {
			"version": "5.3.3",
			"resolved": "https://registry.npmjs.org/csv-stringify/-/csv-stringify-5.3.3.tgz",
			"integrity": "sha512-q8Qj+/lN74LRmG7Mg0LauE5WcnJOD5MEGe1gI57IYJCB61KWuEbAFHm1uIPDkI26aqElyBB57SlE2GGwq2EY5A=="
		}
	}
}
